
Microsoft Visual Studio Solution File, Format Version 12.00
# Visual Studio Version 17
VisualStudioVersion = 17.4.33110.190
MinimumVisualStudioVersion = 10.0.40219.1
Project("{FAE04EC0-301F-11D3-BF4B-00C04F79EFBC}") = "AutoVerleih", "AutoVerleih\AutoVerleih.csproj", "{EFA1F4FA-D6CC-4643-9914-63A53CF5A36D}"
EndProject
Global
	GlobalSection(SolutionConfigurationPlatforms) = preSolution
		Debug|Any CPU = Debug|Any CPU
		Release|Any CPU = Release|Any CPU
	EndGlobalSection
	GlobalSection(ProjectConfigurationPlatforms) = postSolution
		{EFA1F4FA-D6CC-4643-9914-63A53CF5A36D}.Debug|Any CPU.ActiveCfg = Debug|Any CPU
		{EFA1F4FA-D6CC-4643-9914-63A53CF5A36D}.Debug|Any CPU.Build.0 = Debug|Any CPU
		{EFA1F4FA-D6CC-4643-9914-63A53CF5A36D}.Release|Any CPU.ActiveCfg = Release|Any CPU
		{EFA1F4FA-D6CC-4643-9914-63A53CF5A36D}.Release|Any CPU.Build.0 = Release|Any CPU
	EndGlobalSection
	GlobalSection(SolutionProperties) = preSolution
		HideSolutionNode = FALSE
	EndGlobalSection
	GlobalSection(ExtensibilityGlobals) = postSolution
		SolutionGuid = {955EF54C-F740-4706-809A-E87B024FDC45}
	EndGlobalSection
EndGlobal
